{
  "version": 4,
  "terraform_version": "1.5.7",
  "serial": 44,
  "lineage": "b35ce755-e038-2525-7e8f-7981ed79feba",
  "outputs": {},
  "resources": [
    {
      "mode": "managed",
      "type": "azurerm_network_interface",
      "name": "testing_nic",
      "provider": "provider[\"registry.terraform.io/hashicorp/azurerm\"]",
      "instances": [
        {
          "schema_version": 0,
          "attributes": {
            "applied_dns_servers": [],
            "dns_servers": [],
            "edge_zone": "",
            "enable_accelerated_networking": false,
            "enable_ip_forwarding": false,
            "id": "/subscriptions/8817c809-4996-4b1c-a7c2-41e960bae57d/resourceGroups/testing-stingray-rg/providers/Microsoft.Network/networkInterfaces/testing-stingray-nic",
            "internal_dns_name_label": "",
            "internal_domain_name_suffix": "",
            "ip_configuration": [
              {
                "gateway_load_balancer_frontend_ip_configuration_id": "",
                "name": "my_nic_configuration",
                "primary": true,
                "private_ip_address": "10.0.1.4",
                "private_ip_address_allocation": "Dynamic",
                "private_ip_address_version": "IPv4",
                "public_ip_address_id": "/subscriptions/8817c809-4996-4b1c-a7c2-41e960bae57d/resourceGroups/testing-stingray-rg/providers/Microsoft.Network/publicIPAddresses/testing-stingray-public-ip",
                "subnet_id": "/subscriptions/8817c809-4996-4b1c-a7c2-41e960bae57d/resourceGroups/testing-stingray-rg/providers/Microsoft.Network/virtualNetworks/testing-stingray-vnet/subnets/testing-stingray-subnet"
              }
            ],
            "location": "uksouth",
            "mac_address": "60-45-BD-D0-3F-AD",
            "name": "testing-stingray-nic",
            "private_ip_address": "10.0.1.4",
            "private_ip_addresses": [
              "10.0.1.4"
            ],
            "resource_group_name": "testing-stingray-rg",
            "tags": {},
            "timeouts": null,
            "virtual_machine_id": "/subscriptions/8817c809-4996-4b1c-a7c2-41e960bae57d/resourceGroups/testing-stingray-rg/providers/Microsoft.Compute/virtualMachines/testing-vm"
          },
          "sensitive_attributes": [],
          "private": "eyJlMmJmYjczMC1lY2FhLTExZTYtOGY4OC0zNDM2M2JjN2M0YzAiOnsiY3JlYXRlIjoxODAwMDAwMDAwMDAwLCJkZWxldGUiOjE4MDAwMDAwMDAwMDAsInJlYWQiOjMwMDAwMDAwMDAwMCwidXBkYXRlIjoxODAwMDAwMDAwMDAwfX0=",
          "dependencies": [
            "azurerm_public_ip.testing_public_ip",
            "azurerm_resource_group.rg",
            "azurerm_subnet.testing_subnet",
            "azurerm_virtual_network.testing_network",
            "random_pet.prefix"
          ]
        }
      ]
    },
    {
      "mode": "managed",
      "type": "azurerm_public_ip",
      "name": "testing_public_ip",
      "provider": "provider[\"registry.terraform.io/hashicorp/azurerm\"]",
      "instances": [
        {
          "schema_version": 0,
          "attributes": {
            "allocation_method": "Dynamic",
            "domain_name_label": null,
            "edge_zone": "",
            "fqdn": null,
            "id": "/subscriptions/8817c809-4996-4b1c-a7c2-41e960bae57d/resourceGroups/testing-stingray-rg/providers/Microsoft.Network/publicIPAddresses/testing-stingray-public-ip",
            "idle_timeout_in_minutes": 4,
            "ip_address": "",
            "ip_tags": {},
            "ip_version": "IPv4",
            "location": "uksouth",
            "name": "testing-stingray-public-ip",
            "public_ip_prefix_id": null,
            "resource_group_name": "testing-stingray-rg",
            "reverse_fqdn": null,
            "sku": "Basic",
            "sku_tier": "Regional",
            "tags": {},
            "timeouts": null,
            "zones": []
          },
          "sensitive_attributes": [],
          "private": "eyJlMmJmYjczMC1lY2FhLTExZTYtOGY4OC0zNDM2M2JjN2M0YzAiOnsiY3JlYXRlIjoxODAwMDAwMDAwMDAwLCJkZWxldGUiOjE4MDAwMDAwMDAwMDAsInJlYWQiOjMwMDAwMDAwMDAwMCwidXBkYXRlIjoxODAwMDAwMDAwMDAwfX0=",
          "dependencies": [
            "azurerm_resource_group.rg",
            "random_pet.prefix"
          ]
        }
      ]
    },
    {
      "mode": "managed",
      "type": "azurerm_resource_group",
      "name": "rg",
      "provider": "provider[\"registry.terraform.io/hashicorp/azurerm\"]",
      "instances": [
        {
          "schema_version": 0,
          "attributes": {
            "id": "/subscriptions/8817c809-4996-4b1c-a7c2-41e960bae57d/resourceGroups/testing-stingray-rg",
            "location": "uksouth",
            "name": "testing-stingray-rg",
            "tags": {},
            "timeouts": null
          },
          "sensitive_attributes": [],
          "private": "eyJlMmJmYjczMC1lY2FhLTExZTYtOGY4OC0zNDM2M2JjN2M0YzAiOnsiY3JlYXRlIjo1NDAwMDAwMDAwMDAwLCJkZWxldGUiOjU0MDAwMDAwMDAwMDAsInJlYWQiOjMwMDAwMDAwMDAwMCwidXBkYXRlIjo1NDAwMDAwMDAwMDAwfX0=",
          "dependencies": [
            "random_pet.prefix"
          ]
        }
      ]
    },
    {
      "mode": "managed",
      "type": "azurerm_subnet",
      "name": "testing_subnet",
      "provider": "provider[\"registry.terraform.io/hashicorp/azurerm\"]",
      "instances": [
        {
          "schema_version": 0,
          "attributes": {
            "address_prefixes": [
              "10.0.1.0/24"
            ],
            "delegation": [],
            "enforce_private_link_endpoint_network_policies": false,
            "enforce_private_link_service_network_policies": false,
            "id": "/subscriptions/8817c809-4996-4b1c-a7c2-41e960bae57d/resourceGroups/testing-stingray-rg/providers/Microsoft.Network/virtualNetworks/testing-stingray-vnet/subnets/testing-stingray-subnet",
            "name": "testing-stingray-subnet",
            "resource_group_name": "testing-stingray-rg",
            "service_endpoint_policy_ids": [],
            "service_endpoints": [],
            "timeouts": null,
            "virtual_network_name": "testing-stingray-vnet"
          },
          "sensitive_attributes": [],
          "private": "eyJlMmJmYjczMC1lY2FhLTExZTYtOGY4OC0zNDM2M2JjN2M0YzAiOnsiY3JlYXRlIjoxODAwMDAwMDAwMDAwLCJkZWxldGUiOjE4MDAwMDAwMDAwMDAsInJlYWQiOjMwMDAwMDAwMDAwMCwidXBkYXRlIjoxODAwMDAwMDAwMDAwfX0=",
          "dependencies": [
            "azurerm_resource_group.rg",
            "azurerm_virtual_network.testing_network",
            "random_pet.prefix"
          ]
        }
      ]
    },
    {
      "mode": "managed",
      "type": "azurerm_virtual_machine_extension",
      "name": "configure_winrm",
      "provider": "provider[\"registry.terraform.io/hashicorp/azurerm\"]",
      "instances": [
        {
          "schema_version": 0,
          "attributes": {
            "auto_upgrade_minor_version": false,
            "automatic_upgrade_enabled": false,
            "id": "/subscriptions/8817c809-4996-4b1c-a7c2-41e960bae57d/resourceGroups/testing-stingray-rg/providers/Microsoft.Compute/virtualMachines/testing-vm/extensions/configure_winrm",
            "name": "configure_winrm",
            "protected_settings": "  {    \r\n    \"fileUris\": [\"https://raw.githubusercontent.com/leeej84/Azure-SKU-Testing/main/Configure_Winrm.ps1\"],\r\n    \"commandToExecute\": \"powershell -ExecutionPolicy Bypass -NoProfile -NonInteractive -File Configure_Winrm.ps1 -hostname testing-vm -protocol http\"\r\n  }\r\n",
            "publisher": "Microsoft.Compute",
            "settings": null,
            "tags": {},
            "timeouts": null,
            "type": "CustomScriptExtension",
            "type_handler_version": "1.9",
            "virtual_machine_id": "/subscriptions/8817c809-4996-4b1c-a7c2-41e960bae57d/resourceGroups/testing-stingray-rg/providers/Microsoft.Compute/virtualMachines/testing-vm"
          },
          "sensitive_attributes": [],
          "private": "eyJlMmJmYjczMC1lY2FhLTExZTYtOGY4OC0zNDM2M2JjN2M0YzAiOnsiY3JlYXRlIjoxODAwMDAwMDAwMDAwLCJkZWxldGUiOjE4MDAwMDAwMDAwMDAsInJlYWQiOjMwMDAwMDAwMDAwMCwidXBkYXRlIjoxODAwMDAwMDAwMDAwfX0=",
          "dependencies": [
            "azurerm_network_interface.testing_nic",
            "azurerm_public_ip.testing_public_ip",
            "azurerm_resource_group.rg",
            "azurerm_subnet.testing_subnet",
            "azurerm_virtual_network.testing_network",
            "azurerm_windows_virtual_machine.main",
            "random_password.password",
            "random_pet.prefix"
          ]
        }
      ]
    },
    {
      "mode": "managed",
      "type": "azurerm_virtual_network",
      "name": "testing_network",
      "provider": "provider[\"registry.terraform.io/hashicorp/azurerm\"]",
      "instances": [
        {
          "schema_version": 0,
          "attributes": {
            "address_space": [
              "10.0.0.0/16"
            ],
            "bgp_community": "",
            "ddos_protection_plan": [],
            "dns_servers": [],
            "edge_zone": "",
            "flow_timeout_in_minutes": 0,
            "guid": "d11edd05-7908-4241-b6c2-0465fa4e8d34",
            "id": "/subscriptions/8817c809-4996-4b1c-a7c2-41e960bae57d/resourceGroups/testing-stingray-rg/providers/Microsoft.Network/virtualNetworks/testing-stingray-vnet",
            "location": "uksouth",
            "name": "testing-stingray-vnet",
            "resource_group_name": "testing-stingray-rg",
            "subnet": [
              {
                "address_prefix": "10.0.1.0/24",
                "id": "/subscriptions/8817c809-4996-4b1c-a7c2-41e960bae57d/resourceGroups/testing-stingray-rg/providers/Microsoft.Network/virtualNetworks/testing-stingray-vnet/subnets/testing-stingray-subnet",
                "name": "testing-stingray-subnet",
                "security_group": ""
              }
            ],
            "tags": {},
            "timeouts": null
          },
          "sensitive_attributes": [],
          "private": "eyJlMmJmYjczMC1lY2FhLTExZTYtOGY4OC0zNDM2M2JjN2M0YzAiOnsiY3JlYXRlIjoxODAwMDAwMDAwMDAwLCJkZWxldGUiOjE4MDAwMDAwMDAwMDAsInJlYWQiOjMwMDAwMDAwMDAwMCwidXBkYXRlIjoxODAwMDAwMDAwMDAwfX0=",
          "dependencies": [
            "azurerm_resource_group.rg",
            "random_pet.prefix"
          ]
        }
      ]
    },
    {
      "mode": "managed",
      "type": "azurerm_windows_virtual_machine",
      "name": "main",
      "provider": "provider[\"registry.terraform.io/hashicorp/azurerm\"]",
      "instances": [
        {
          "schema_version": 0,
          "attributes": {
            "additional_capabilities": [],
            "additional_unattend_content": [],
            "admin_password": "8fxh26cCNsBD",
            "admin_username": "azureuser",
            "allow_extension_operations": true,
            "availability_set_id": "",
            "boot_diagnostics": [],
            "computer_name": "testing-vm",
            "custom_data": null,
            "dedicated_host_group_id": "",
            "dedicated_host_id": "",
            "edge_zone": "",
            "enable_automatic_updates": true,
            "encryption_at_host_enabled": false,
            "eviction_policy": "",
            "extensions_time_budget": "PT1H30M",
            "hotpatching_enabled": false,
            "id": "/subscriptions/8817c809-4996-4b1c-a7c2-41e960bae57d/resourceGroups/testing-stingray-rg/providers/Microsoft.Compute/virtualMachines/testing-vm",
            "identity": [],
            "license_type": "",
            "location": "uksouth",
            "max_bid_price": -1,
            "name": "testing-vm",
            "network_interface_ids": [
              "/subscriptions/8817c809-4996-4b1c-a7c2-41e960bae57d/resourceGroups/testing-stingray-rg/providers/Microsoft.Network/networkInterfaces/testing-stingray-nic"
            ],
            "os_disk": [
              {
                "caching": "ReadWrite",
                "diff_disk_settings": [],
                "disk_encryption_set_id": "",
                "disk_size_gb": 127,
                "name": "test-OSDisk",
                "storage_account_type": "Premium_LRS",
                "write_accelerator_enabled": false
              }
            ],
            "patch_mode": "AutomaticByOS",
            "plan": [],
            "platform_fault_domain": -1,
            "priority": "Regular",
            "private_ip_address": "10.0.1.4",
            "private_ip_addresses": [
              "10.0.1.4"
            ],
            "provision_vm_agent": true,
            "proximity_placement_group_id": "",
            "public_ip_address": "",
            "public_ip_addresses": [],
            "resource_group_name": "testing-stingray-rg",
            "secret": [],
            "secure_boot_enabled": false,
            "size": "Standard_DS1_v2",
            "source_image_id": "",
            "source_image_reference": [
              {
                "offer": "WindowsServer",
                "publisher": "MicrosoftWindowsServer",
                "sku": "2022-datacenter-azure-edition",
                "version": "latest"
              }
            ],
            "tags": {},
            "termination_notification": [],
            "timeouts": null,
            "timezone": "",
            "user_data": "",
            "virtual_machine_id": "05f993ed-b804-4c87-b72a-540427058a0e",
            "virtual_machine_scale_set_id": "",
            "vtpm_enabled": false,
            "winrm_listener": [],
            "zone": ""
          },
          "sensitive_attributes": [
            [
              {
                "type": "get_attr",
                "value": "admin_password"
              }
            ]
          ],
          "private": "eyJlMmJmYjczMC1lY2FhLTExZTYtOGY4OC0zNDM2M2JjN2M0YzAiOnsiY3JlYXRlIjoyNzAwMDAwMDAwMDAwLCJkZWxldGUiOjI3MDAwMDAwMDAwMDAsInJlYWQiOjMwMDAwMDAwMDAwMCwidXBkYXRlIjoyNzAwMDAwMDAwMDAwfX0=",
          "dependencies": [
            "azurerm_network_interface.testing_nic",
            "azurerm_public_ip.testing_public_ip",
            "azurerm_resource_group.rg",
            "azurerm_subnet.testing_subnet",
            "azurerm_virtual_network.testing_network",
            "random_password.password",
            "random_pet.prefix"
          ]
        }
      ]
    },
    {
      "mode": "managed",
      "type": "random_password",
      "name": "password",
      "provider": "provider[\"registry.terraform.io/hashicorp/random\"]",
      "instances": [
        {
          "schema_version": 3,
          "attributes": {
            "bcrypt_hash": "$2a$10$y7bwEivvPgy0THeHePc7t.CGk0vImlFkhQki9i8du/VuU7Jj8mTN.",
            "id": "none",
            "keepers": null,
            "length": 12,
            "lower": true,
            "min_lower": 0,
            "min_numeric": 0,
            "min_special": 0,
            "min_upper": 0,
            "number": true,
            "numeric": true,
            "override_special": "!#$%\u0026*()-_=+[]{}\u003c\u003e:?",
            "result": "8fxh26cCNsBD",
            "special": false,
            "upper": true
          },
          "sensitive_attributes": []
        }
      ]
    },
    {
      "mode": "managed",
      "type": "random_pet",
      "name": "prefix",
      "provider": "provider[\"registry.terraform.io/hashicorp/random\"]",
      "instances": [
        {
          "schema_version": 0,
          "attributes": {
            "id": "testing-stingray",
            "keepers": null,
            "length": 1,
            "prefix": "testing",
            "separator": "-"
          },
          "sensitive_attributes": []
        }
      ]
    }
  ],
  "check_results": null
}
